# This file is autogenerated, do not edit; changes may be undone by the next 'dep ensure'.


[[projects]]
  digest = "1:d7e99cafadec9ff74b97666c731384711f4a35abfdf2f33556f8081a973c0cc8"
  name = "github.com/astaxie/beego"
  packages = [
    ".",
    "cache",
    "cache/redis",
    "config",
    "context",
    "context/param",
    "grace",
    "logs",
    "orm",
    "session",
    "toolbox",
    "utils",
  ]
  pruneopts = "UT"
  revision = "bf5c5626ab429e66d88602e1ab1ab5fbf4629a01"
  version = "v1.9.2"

[[projects]]
  digest = "1:0594af97b2f4cec6554086eeace6597e20a4b69466eb4ada25adf9f4300dddd2"
  name = "github.com/garyburd/redigo"
  packages = [
    "internal",
    "redis",
  ]
  pruneopts = "UT"
  revision = "a69d19351219b6dd56f274f96d85a7014a2ec34e"
  version = "v1.6.0"

[[projects]]
  digest = "1:850c49ca338a10fec2cb9e78f793043ed23965489d09e30bcc19fe29719da313"
  name = "github.com/go-sql-driver/mysql"
  packages = ["."]
  pruneopts = "UT"
  revision = "a0583e0143b1624142adab07e0e97fe106d99561"
  version = "v1.3.0"

[[projects]]
  branch = "master"
  digest = "1:1ba1d79f2810270045c328ae5d674321db34e3aae468eb4233883b473c5c0467"
  name = "github.com/golang/glog"
  packages = ["."]
  pruneopts = "UT"
  revision = "23def4e6c14b4da8ac2ed8007337bc5eb5007998"

[[projects]]
  digest = "1:7b5c6e2eeaa9ae5907c391a91c132abfd5c9e8a784a341b5625e750c67e6825d"
  name = "github.com/gorilla/websocket"
  packages = ["."]
  pruneopts = "UT"
  revision = "66b9c49e59c6c48f0ffce28c2d8b8a5678502c6d"
  version = "v1.4.0"

[[projects]]
  digest = "1:2cab41f59638fdb77dda96ab4f9b5860ef30f48967557254eba127e43c756f2e"
  name = "github.com/tidwall/gjson"
  packages = ["."]
  pruneopts = "UT"
  revision = "1e3f6aeaa5bad08d777ea7807b279a07885dd8b2"
  version = "v1.1.3"

[[projects]]
  digest = "1:8453ddbed197809ee8ca28b06bd04e127bec9912deb4ba451fea7a1eca578328"
  name = "github.com/tidwall/match"
  packages = ["."]
  pruneopts = "UT"
  revision = "33827db735fff6510490d69a8622612558a557ed"
  version = "v1.0.1"

[[projects]]
  branch = "master"
  digest = "1:b06ad8e1b0dadbef76f234b906b277b6041936afad544545a49e40e8f85c6168"
  name = "github.com/yinheli/mahonia"
  packages = ["."]
  pruneopts = "UT"
  revision = "0eef680515ccaa6e08f5b759e42b2192126bc3be"

[[projects]]
  digest = "1:4d2e5a73dc1500038e504a8d78b986630e3626dc027bc030ba5c75da257cdb96"
  name = "gopkg.in/yaml.v2"
  packages = ["."]
  pruneopts = "UT"
  revision = "51d6538a90f86fe93ac480b35f37b2be17fef232"
  version = "v2.2.2"

[solve-meta]
  analyzer-name = "dep"
  analyzer-version = 1
  input-imports = [
    "github.com/astaxie/beego",
    "github.com/astaxie/beego/cache",
    "github.com/astaxie/beego/cache/redis",
    "github.com/astaxie/beego/context/param",
    "github.com/astaxie/beego/logs",
    "github.com/astaxie/beego/orm",
    "github.com/go-sql-driver/mysql",
    "github.com/golang/glog",
    "github.com/gorilla/websocket",
    "github.com/tidwall/gjson",
    "github.com/yinheli/mahonia",
    "gopkg.in/yaml.v2",
  ]
  solver-name = "gps-cdcl"
  solver-version = 1
